
Microsoft Visual Studio Solution File, Format Version 12.00
# Visual Studio Version 16
VisualStudioVersion = 16.0.28922.388
MinimumVisualStudioVersion = 10.0.40219.1
Project("{2150E333-8FDC-42A3-9474-1A3956D46DE8}") = "Src", "Src", "{A5DBDE91-48B9-4554-961F-57463B9739F0}"
EndProject
Project("{2150E333-8FDC-42A3-9474-1A3956D46DE8}") = "test", "test", "{48BFC445-42C2-4D88-8DA4-B06C8540F0B0}"
EndProject
Project("{9A19103F-16F7-4668-BE54-9A1E7A4F7556}") = "HelpPage.Gen", "HelpPage.Gen\HelpPage.Gen.csproj", "{CB15BBB3-1E16-4F94-98AA-05D9884D6620}"
EndProject
Project("{9A19103F-16F7-4668-BE54-9A1E7A4F7556}") = "HelpPage", "HelpPage\HelpPage.csproj", "{4525AB1F-E1F6-429A-A2B4-C9C47B701926}"
EndProject
Project("{9A19103F-16F7-4668-BE54-9A1E7A4F7556}") = "Basic", "Basic\Basic.csproj", "{451953A4-E219-4DFC-8245-AD404DB2F8C3}"
EndProject
Project("{FAE04EC0-301F-11D3-BF4B-00C04F79EFBC}") = "HelpPage.UI", "HelpPage.UI\HelpPage.UI.csproj", "{5C18D8D4-4BC7-4534-8A1C-EBA0BBA67043}"
EndProject
Global
	GlobalSection(SolutionConfigurationPlatforms) = preSolution
		Debug|Any CPU = Debug|Any CPU
		Release|Any CPU = Release|Any CPU
	EndGlobalSection
	GlobalSection(ProjectConfigurationPlatforms) = postSolution
		{CB15BBB3-1E16-4F94-98AA-05D9884D6620}.Debug|Any CPU.ActiveCfg = Debug|Any CPU
		{CB15BBB3-1E16-4F94-98AA-05D9884D6620}.Debug|Any CPU.Build.0 = Debug|Any CPU
		{CB15BBB3-1E16-4F94-98AA-05D9884D6620}.Release|Any CPU.ActiveCfg = Release|Any CPU
		{CB15BBB3-1E16-4F94-98AA-05D9884D6620}.Release|Any CPU.Build.0 = Release|Any CPU
		{4525AB1F-E1F6-429A-A2B4-C9C47B701926}.Debug|Any CPU.ActiveCfg = Debug|Any CPU
		{4525AB1F-E1F6-429A-A2B4-C9C47B701926}.Debug|Any CPU.Build.0 = Debug|Any CPU
		{4525AB1F-E1F6-429A-A2B4-C9C47B701926}.Release|Any CPU.ActiveCfg = Release|Any CPU
		{4525AB1F-E1F6-429A-A2B4-C9C47B701926}.Release|Any CPU.Build.0 = Release|Any CPU
		{451953A4-E219-4DFC-8245-AD404DB2F8C3}.Debug|Any CPU.ActiveCfg = Debug|Any CPU
		{451953A4-E219-4DFC-8245-AD404DB2F8C3}.Debug|Any CPU.Build.0 = Debug|Any CPU
		{451953A4-E219-4DFC-8245-AD404DB2F8C3}.Release|Any CPU.ActiveCfg = Release|Any CPU
		{451953A4-E219-4DFC-8245-AD404DB2F8C3}.Release|Any CPU.Build.0 = Release|Any CPU
		{5C18D8D4-4BC7-4534-8A1C-EBA0BBA67043}.Debug|Any CPU.ActiveCfg = Debug|Any CPU
		{5C18D8D4-4BC7-4534-8A1C-EBA0BBA67043}.Debug|Any CPU.Build.0 = Debug|Any CPU
		{5C18D8D4-4BC7-4534-8A1C-EBA0BBA67043}.Release|Any CPU.ActiveCfg = Release|Any CPU
		{5C18D8D4-4BC7-4534-8A1C-EBA0BBA67043}.Release|Any CPU.Build.0 = Release|Any CPU
	EndGlobalSection
	GlobalSection(SolutionProperties) = preSolution
		HideSolutionNode = FALSE
	EndGlobalSection
	GlobalSection(NestedProjects) = preSolution
		{CB15BBB3-1E16-4F94-98AA-05D9884D6620} = {A5DBDE91-48B9-4554-961F-57463B9739F0}
		{4525AB1F-E1F6-429A-A2B4-C9C47B701926} = {A5DBDE91-48B9-4554-961F-57463B9739F0}
		{451953A4-E219-4DFC-8245-AD404DB2F8C3} = {48BFC445-42C2-4D88-8DA4-B06C8540F0B0}
		{5C18D8D4-4BC7-4534-8A1C-EBA0BBA67043} = {A5DBDE91-48B9-4554-961F-57463B9739F0}
	EndGlobalSection
	GlobalSection(ExtensibilityGlobals) = postSolution
		SolutionGuid = {07818122-710E-4652-9DB0-2362238C42A5}
	EndGlobalSection
EndGlobal
